// !$*UTF8*$!
{
	archiveVersion = 1;
	classes = {
	};
	objectVersion = 46;
	objects = {

/* Begin PBXBuildFile section */
		B80B8BFA1AD70B6800C7923A /* AGTNotesViewController.m in Sources */ = {isa = PBXBuildFile; fileRef = B80B8BF91AD70B6800C7923A /* AGTNotesViewController.m */; };
		B8B5F5821AD5D41200266382 /* AGTCoreDataTableViewController.m in Sources */ = {isa = PBXBuildFile; fileRef = B8B5F5811AD5D41200266382 /* AGTCoreDataTableViewController.m */; };
		B8B5F5851AD5D51300266382 /* AGTNotebooksViewController.m in Sources */ = {isa = PBXBuildFile; fileRef = B8B5F5841AD5D51300266382 /* AGTNotebooksViewController.m */; };
		B8B5F5891AD5DC1D00266382 /* UIViewController+Navigation.m in Sources */ = {isa = PBXBuildFile; fileRef = B8B5F5881AD5DC1D00266382 /* UIViewController+Navigation.m */; };
		EDA2A4B41AD5C260004D87DA /* AGTEverpobreBaseClass.m in Sources */ = {isa = PBXBuildFile; fileRef = EDA2A4B31AD5C260004D87DA /* AGTEverpobreBaseClass.m */; };
		EDA836011AD479500044C6DB /* main.m in Sources */ = {isa = PBXBuildFile; fileRef = EDA836001AD479500044C6DB /* main.m */; };
		EDA836041AD479500044C6DB /* AppDelegate.m in Sources */ = {isa = PBXBuildFile; fileRef = EDA836031AD479500044C6DB /* AppDelegate.m */; };
		EDA8360C1AD479500044C6DB /* Images.xcassets in Resources */ = {isa = PBXBuildFile; fileRef = EDA8360B1AD479500044C6DB /* Images.xcassets */; };
		EDA8360F1AD479500044C6DB /* LaunchScreen.xib in Resources */ = {isa = PBXBuildFile; fileRef = EDA8360D1AD479500044C6DB /* LaunchScreen.xib */; };
		EDA8361B1AD479500044C6DB /* EverpobreTests.m in Sources */ = {isa = PBXBuildFile; fileRef = EDA8361A1AD479500044C6DB /* EverpobreTests.m */; };
		EDA836261AD47AA60044C6DB /* Model.xcdatamodeld in Sources */ = {isa = PBXBuildFile; fileRef = EDA836241AD47AA60044C6DB /* Model.xcdatamodeld */; };
		EDA8362A1AD4869C0044C6DB /* AGTCoreDataStack.m in Sources */ = {isa = PBXBuildFile; fileRef = EDA836291AD4869C0044C6DB /* AGTCoreDataStack.m */; };
		EDA836491AD490F00044C6DB /* _AGTNote.m in Sources */ = {isa = PBXBuildFile; fileRef = EDA8363E1AD490F00044C6DB /* _AGTNote.m */; };
		EDA8364A1AD490F00044C6DB /* _AGTNotebook.m in Sources */ = {isa = PBXBuildFile; fileRef = EDA836401AD490F00044C6DB /* _AGTNotebook.m */; };
		EDA8364B1AD490F00044C6DB /* _AGTPhoto.m in Sources */ = {isa = PBXBuildFile; fileRef = EDA836421AD490F00044C6DB /* _AGTPhoto.m */; };
		EDA8364C1AD490F00044C6DB /* AGTNote.m in Sources */ = {isa = PBXBuildFile; fileRef = EDA836441AD490F00044C6DB /* AGTNote.m */; };
		EDA8364D1AD490F00044C6DB /* AGTNotebook.m in Sources */ = {isa = PBXBuildFile; fileRef = EDA836461AD490F00044C6DB /* AGTNotebook.m */; };
		EDA8364E1AD490F00044C6DB /* AGTPhoto.m in Sources */ = {isa = PBXBuildFile; fileRef = EDA836481AD490F00044C6DB /* AGTPhoto.m */; };
/* End PBXBuildFile section */

/* Begin PBXContainerItemProxy section */
		EDA836151AD479500044C6DB /* PBXContainerItemProxy */ = {
			isa = PBXContainerItemProxy;
			containerPortal = EDA835F31AD479500044C6DB /* Project object */;
			proxyType = 1;
			remoteGlobalIDString = EDA835FA1AD479500044C6DB;
			remoteInfo = Everpobre;
		};
/* End PBXContainerItemProxy section */

/* Begin PBXFileReference section */
		B80B8BF81AD70B6800C7923A /* AGTNotesViewController.h */ = {isa = PBXFileReference; fileEncoding = 4; lastKnownFileType = sourcecode.c.h; path = AGTNotesViewController.h; sourceTree = "<group>"; };
		B80B8BF91AD70B6800C7923A /* AGTNotesViewController.m */ = {isa = PBXFileReference; fileEncoding = 4; lastKnownFileType = sourcecode.c.objc; path = AGTNotesViewController.m; sourceTree = "<group>"; };
		B80B8BFB1AD7246500C7923A /* Settings.h */ = {isa = PBXFileReference; lastKnownFileType = sourcecode.c.h; path = Settings.h; sourceTree = "<group>"; };
		B8B5F5801AD5D41200266382 /* AGTCoreDataTableViewController.h */ = {isa = PBXFileReference; fileEncoding = 4; lastKnownFileType = sourcecode.c.h; path = AGTCoreDataTableViewController.h; sourceTree = "<group>"; };
		B8B5F5811AD5D41200266382 /* AGTCoreDataTableViewController.m */ = {isa = PBXFileReference; fileEncoding = 4; lastKnownFileType = sourcecode.c.objc; path = AGTCoreDataTableViewController.m; sourceTree = "<group>"; };
		B8B5F5831AD5D51300266382 /* AGTNotebooksViewController.h */ = {isa = PBXFileReference; fileEncoding = 4; lastKnownFileType = sourcecode.c.h; path = AGTNotebooksViewController.h; sourceTree = "<group>"; };
		B8B5F5841AD5D51300266382 /* AGTNotebooksViewController.m */ = {isa = PBXFileReference; fileEncoding = 4; lastKnownFileType = sourcecode.c.objc; path = AGTNotebooksViewController.m; sourceTree = "<group>"; };
		B8B5F5871AD5DC1D00266382 /* UIViewController+Navigation.h */ = {isa = PBXFileReference; fileEncoding = 4; lastKnownFileType = sourcecode.c.h; path = "UIViewController+Navigation.h"; sourceTree = "<group>"; };
		B8B5F5881AD5DC1D00266382 /* UIViewController+Navigation.m */ = {isa = PBXFileReference; fileEncoding = 4; lastKnownFileType = sourcecode.c.objc; path = "UIViewController+Navigation.m"; sourceTree = "<group>"; };
		EDA2A4B21AD5C260004D87DA /* AGTEverpobreBaseClass.h */ = {isa = PBXFileReference; fileEncoding = 4; lastKnownFileType = sourcecode.c.h; path = AGTEverpobreBaseClass.h; sourceTree = "<group>"; };
		EDA2A4B31AD5C260004D87DA /* AGTEverpobreBaseClass.m */ = {isa = PBXFileReference; fileEncoding = 4; lastKnownFileType = sourcecode.c.objc; path = AGTEverpobreBaseClass.m; sourceTree = "<group>"; };
		EDA835FB1AD479500044C6DB /* Everpobre.app */ = {isa = PBXFileReference; explicitFileType = wrapper.application; includeInIndex = 0; path = Everpobre.app; sourceTree = BUILT_PRODUCTS_DIR; };
		EDA835FF1AD479500044C6DB /* Info.plist */ = {isa = PBXFileReference; lastKnownFileType = text.plist.xml; path = Info.plist; sourceTree = "<group>"; };
		EDA836001AD479500044C6DB /* main.m */ = {isa = PBXFileReference; lastKnownFileType = sourcecode.c.objc; path = main.m; sourceTree = "<group>"; };
		EDA836021AD479500044C6DB /* AppDelegate.h */ = {isa = PBXFileReference; lastKnownFileType = sourcecode.c.h; path = AppDelegate.h; sourceTree = "<group>"; };
		EDA836031AD479500044C6DB /* AppDelegate.m */ = {isa = PBXFileReference; lastKnownFileType = sourcecode.c.objc; path = AppDelegate.m; sourceTree = "<group>"; };
		EDA8360B1AD479500044C6DB /* Images.xcassets */ = {isa = PBXFileReference; lastKnownFileType = folder.assetcatalog; path = Images.xcassets; sourceTree = "<group>"; };
		EDA8360E1AD479500044C6DB /* Base */ = {isa = PBXFileReference; lastKnownFileType = file.xib; name = Base; path = Base.lproj/LaunchScreen.xib; sourceTree = "<group>"; };
		EDA836141AD479500044C6DB /* EverpobreTests.xctest */ = {isa = PBXFileReference; explicitFileType = wrapper.cfbundle; includeInIndex = 0; path = EverpobreTests.xctest; sourceTree = BUILT_PRODUCTS_DIR; };
		EDA836191AD479500044C6DB /* Info.plist */ = {isa = PBXFileReference; lastKnownFileType = text.plist.xml; path = Info.plist; sourceTree = "<group>"; };
		EDA8361A1AD479500044C6DB /* EverpobreTests.m */ = {isa = PBXFileReference; lastKnownFileType = sourcecode.c.objc; path = EverpobreTests.m; sourceTree = "<group>"; };
		EDA836251AD47AA60044C6DB /* Model.xcdatamodel */ = {isa = PBXFileReference; lastKnownFileType = wrapper.xcdatamodel; path = Model.xcdatamodel; sourceTree = "<group>"; };
		EDA836281AD4869C0044C6DB /* AGTCoreDataStack.h */ = {isa = PBXFileReference; fileEncoding = 4; lastKnownFileType = sourcecode.c.h; path = AGTCoreDataStack.h; sourceTree = "<group>"; };
		EDA836291AD4869C0044C6DB /* AGTCoreDataStack.m */ = {isa = PBXFileReference; fileEncoding = 4; lastKnownFileType = sourcecode.c.objc; path = AGTCoreDataStack.m; sourceTree = "<group>"; };
		EDA8363D1AD490F00044C6DB /* _AGTNote.h */ = {isa = PBXFileReference; fileEncoding = 4; lastKnownFileType = sourcecode.c.h; name = _AGTNote.h; path = Everpobre/_AGTNote.h; sourceTree = "<group>"; };
		EDA8363E1AD490F00044C6DB /* _AGTNote.m */ = {isa = PBXFileReference; fileEncoding = 4; lastKnownFileType = sourcecode.c.objc; name = _AGTNote.m; path = Everpobre/_AGTNote.m; sourceTree = "<group>"; };
		EDA8363F1AD490F00044C6DB /* _AGTNotebook.h */ = {isa = PBXFileReference; fileEncoding = 4; lastKnownFileType = sourcecode.c.h; name = _AGTNotebook.h; path = Everpobre/_AGTNotebook.h; sourceTree = "<group>"; };
		EDA836401AD490F00044C6DB /* _AGTNotebook.m */ = {isa = PBXFileReference; fileEncoding = 4; lastKnownFileType = sourcecode.c.objc; name = _AGTNotebook.m; path = Everpobre/_AGTNotebook.m; sourceTree = "<group>"; };
		EDA836411AD490F00044C6DB /* _AGTPhoto.h */ = {isa = PBXFileReference; fileEncoding = 4; lastKnownFileType = sourcecode.c.h; name = _AGTPhoto.h; path = Everpobre/_AGTPhoto.h; sourceTree = "<group>"; };
		EDA836421AD490F00044C6DB /* _AGTPhoto.m */ = {isa = PBXFileReference; fileEncoding = 4; lastKnownFileType = sourcecode.c.objc; name = _AGTPhoto.m; path = Everpobre/_AGTPhoto.m; sourceTree = "<group>"; };
		EDA836431AD490F00044C6DB /* AGTNote.h */ = {isa = PBXFileReference; fileEncoding = 4; lastKnownFileType = sourcecode.c.h; name = AGTNote.h; path = Everpobre/AGTNote.h; sourceTree = "<group>"; };
		EDA836441AD490F00044C6DB /* AGTNote.m */ = {isa = PBXFileReference; fileEncoding = 4; lastKnownFileType = sourcecode.c.objc; name = AGTNote.m; path = Everpobre/AGTNote.m; sourceTree = "<group>"; };
		EDA836451AD490F00044C6DB /* AGTNotebook.h */ = {isa = PBXFileReference; fileEncoding = 4; lastKnownFileType = sourcecode.c.h; name = AGTNotebook.h; path = Everpobre/AGTNotebook.h; sourceTree = "<group>"; };
		EDA836461AD490F00044C6DB /* AGTNotebook.m */ = {isa = PBXFileReference; fileEncoding = 4; lastKnownFileType = sourcecode.c.objc; name = AGTNotebook.m; path = Everpobre/AGTNotebook.m; sourceTree = "<group>"; };
		EDA836471AD490F00044C6DB /* AGTPhoto.h */ = {isa = PBXFileReference; fileEncoding = 4; lastKnownFileType = sourcecode.c.h; name = AGTPhoto.h; path = Everpobre/AGTPhoto.h; sourceTree = "<group>"; };
		EDA836481AD490F00044C6DB /* AGTPhoto.m */ = {isa = PBXFileReference; fileEncoding = 4; lastKnownFileType = sourcecode.c.objc; name = AGTPhoto.m; path = Everpobre/AGTPhoto.m; sourceTree = "<group>"; };
/* End PBXFileReference section */

/* Begin PBXFrameworksBuildPhase section */
		EDA835F81AD479500044C6DB /* Frameworks */ = {
			isa = PBXFrameworksBuildPhase;
			buildActionMask = 2147483647;
			files = (
			);
			runOnlyForDeploymentPostprocessing = 0;
		};
		EDA836111AD479500044C6DB /* Frameworks */ = {
			isa = PBXFrameworksBuildPhase;
			buildActionMask = 2147483647;
			files = (
			);
			runOnlyForDeploymentPostprocessing = 0;
		};
/* End PBXFrameworksBuildPhase section */

/* Begin PBXGroup section */
		B8B5F57F1AD5D3D100266382 /* Controllers */ = {
			isa = PBXGroup;
			children = (
				B8B5F5801AD5D41200266382 /* AGTCoreDataTableViewController.h */,
				B8B5F5811AD5D41200266382 /* AGTCoreDataTableViewController.m */,
				B8B5F5831AD5D51300266382 /* AGTNotebooksViewController.h */,
				B8B5F5841AD5D51300266382 /* AGTNotebooksViewController.m */,
				B80B8BF81AD70B6800C7923A /* AGTNotesViewController.h */,
				B80B8BF91AD70B6800C7923A /* AGTNotesViewController.m */,
			);
			name = Controllers;
			sourceTree = "<group>";
		};
		B8B5F5861AD5DBE200266382 /* Categories */ = {
			isa = PBXGroup;
			children = (
				B8B5F5871AD5DC1D00266382 /* UIViewController+Navigation.h */,
				B8B5F5881AD5DC1D00266382 /* UIViewController+Navigation.m */,
			);
			name = Categories;
			sourceTree = "<group>";
		};
		EDA835F21AD479500044C6DB = {
			isa = PBXGroup;
			children = (
				EDA835FD1AD479500044C6DB /* Everpobre */,
				EDA836171AD479500044C6DB /* EverpobreTests */,
				EDA835FC1AD479500044C6DB /* Products */,
			);
			sourceTree = "<group>";
		};
		EDA835FC1AD479500044C6DB /* Products */ = {
			isa = PBXGroup;
			children = (
				EDA835FB1AD479500044C6DB /* Everpobre.app */,
				EDA836141AD479500044C6DB /* EverpobreTests.xctest */,
			);
			name = Products;
			sourceTree = "<group>";
		};
		EDA835FD1AD479500044C6DB /* Everpobre */ = {
			isa = PBXGroup;
			children = (
				B8B5F5861AD5DBE200266382 /* Categories */,
				B8B5F57F1AD5D3D100266382 /* Controllers */,
				EDA836271AD47AB90044C6DB /* Models */,
				EDA836021AD479500044C6DB /* AppDelegate.h */,
				EDA836031AD479500044C6DB /* AppDelegate.m */,
				EDA8360B1AD479500044C6DB /* Images.xcassets */,
				EDA8360D1AD479500044C6DB /* LaunchScreen.xib */,
				EDA835FE1AD479500044C6DB /* Supporting Files */,
				B80B8BFB1AD7246500C7923A /* Settings.h */,
			);
			path = Everpobre;
			sourceTree = "<group>";
		};
		EDA835FE1AD479500044C6DB /* Supporting Files */ = {
			isa = PBXGroup;
			children = (
				EDA835FF1AD479500044C6DB /* Info.plist */,
				EDA836001AD479500044C6DB /* main.m */,
			);
			name = "Supporting Files";
			sourceTree = "<group>";
		};
		EDA836171AD479500044C6DB /* EverpobreTests */ = {
			isa = PBXGroup;
			children = (
				EDA8361A1AD479500044C6DB /* EverpobreTests.m */,
				EDA836181AD479500044C6DB /* Supporting Files */,
			);
			path = EverpobreTests;
			sourceTree = "<group>";
		};
		EDA836181AD479500044C6DB /* Supporting Files */ = {
			isa = PBXGroup;
			children = (
				EDA836191AD479500044C6DB /* Info.plist */,
			);
			name = "Supporting Files";
			sourceTree = "<group>";
		};
		EDA836271AD47AB90044C6DB /* Models */ = {
			isa = PBXGroup;
			children = (
				EDA8364F1AD491000044C6DB /* Machine */,
				EDA836431AD490F00044C6DB /* AGTNote.h */,
				EDA836441AD490F00044C6DB /* AGTNote.m */,
				EDA836451AD490F00044C6DB /* AGTNotebook.h */,
				EDA836461AD490F00044C6DB /* AGTNotebook.m */,
				EDA836471AD490F00044C6DB /* AGTPhoto.h */,
				EDA836481AD490F00044C6DB /* AGTPhoto.m */,
				EDA836281AD4869C0044C6DB /* AGTCoreDataStack.h */,
				EDA836291AD4869C0044C6DB /* AGTCoreDataStack.m */,
				EDA836241AD47AA60044C6DB /* Model.xcdatamodeld */,
				EDA2A4B21AD5C260004D87DA /* AGTEverpobreBaseClass.h */,
				EDA2A4B31AD5C260004D87DA /* AGTEverpobreBaseClass.m */,
			);
			name = Models;
			path = ..;
			sourceTree = "<group>";
		};
		EDA8364F1AD491000044C6DB /* Machine */ = {
			isa = PBXGroup;
			children = (
				EDA8363D1AD490F00044C6DB /* _AGTNote.h */,
				EDA8363E1AD490F00044C6DB /* _AGTNote.m */,
				EDA8363F1AD490F00044C6DB /* _AGTNotebook.h */,
				EDA836401AD490F00044C6DB /* _AGTNotebook.m */,
				EDA836411AD490F00044C6DB /* _AGTPhoto.h */,
				EDA836421AD490F00044C6DB /* _AGTPhoto.m */,
			);
			name = Machine;
			sourceTree = "<group>";
		};
/* End PBXGroup section */

/* Begin PBXNativeTarget section */
		EDA835FA1AD479500044C6DB /* Everpobre */ = {
			isa = PBXNativeTarget;
			buildConfigurationList = EDA8361E1AD479500044C6DB /* Build configuration list for PBXNativeTarget "Everpobre" */;
			buildPhases = (
				EDA835F71AD479500044C6DB /* Sources */,
				EDA835F81AD479500044C6DB /* Frameworks */,
				EDA835F91AD479500044C6DB /* Resources */,
			);
			buildRules = (
			);
			dependencies = (
			);
			name = Everpobre;
			productName = Everpobre;
			productReference = EDA835FB1AD479500044C6DB /* Everpobre.app */;
			productType = "com.apple.product-type.application";
		};
		EDA836131AD479500044C6DB /* EverpobreTests */ = {
			isa = PBXNativeTarget;
			buildConfigurationList = EDA836211AD479500044C6DB /* Build configuration list for PBXNativeTarget "EverpobreTests" */;
			buildPhases = (
				EDA836101AD479500044C6DB /* Sources */,
				EDA836111AD479500044C6DB /* Frameworks */,
				EDA836121AD479500044C6DB /* Resources */,
			);
			buildRules = (
			);
			dependencies = (
				EDA836161AD479500044C6DB /* PBXTargetDependency */,
			);
			name = EverpobreTests;
			productName = EverpobreTests;
			productReference = EDA836141AD479500044C6DB /* EverpobreTests.xctest */;
			productType = "com.apple.product-type.bundle.unit-test";
		};
/* End PBXNativeTarget section */

/* Begin PBXProject section */
		EDA835F31AD479500044C6DB /* Project object */ = {
			isa = PBXProject;
			attributes = {
				LastUpgradeCheck = 0630;
				ORGANIZATIONNAME = Agbo;
				TargetAttributes = {
					EDA835FA1AD479500044C6DB = {
						CreatedOnToolsVersion = 6.3;
						DevelopmentTeam = 4W666F8ZL6;
					};
					EDA836131AD479500044C6DB = {
						CreatedOnToolsVersion = 6.3;
						TestTargetID = EDA835FA1AD479500044C6DB;
					};
				};
			};
			buildConfigurationList = EDA835F61AD479500044C6DB /* Build configuration list for PBXProject "Everpobre" */;
			compatibilityVersion = "Xcode 3.2";
			developmentRegion = English;
			hasScannedForEncodings = 0;
			knownRegions = (
				en,
				Base,
			);
			mainGroup = EDA835F21AD479500044C6DB;
			productRefGroup = EDA835FC1AD479500044C6DB /* Products */;
			projectDirPath = "";
			projectRoot = "";
			targets = (
				EDA835FA1AD479500044C6DB /* Everpobre */,
				EDA836131AD479500044C6DB /* EverpobreTests */,
			);
		};
/* End PBXProject section */

/* Begin PBXResourcesBuildPhase section */
		EDA835F91AD479500044C6DB /* Resources */ = {
			isa = PBXResourcesBuildPhase;
			buildActionMask = 2147483647;
			files = (
				EDA8360F1AD479500044C6DB /* LaunchScreen.xib in Resources */,
				EDA8360C1AD479500044C6DB /* Images.xcassets in Resources */,
			);
			runOnlyForDeploymentPostprocessing = 0;
		};
		EDA836121AD479500044C6DB /* Resources */ = {
			isa = PBXResourcesBuildPhase;
			buildActionMask = 2147483647;
			files = (
			);
			runOnlyForDeploymentPostprocessing = 0;
		};
/* End PBXResourcesBuildPhase section */

/* Begin PBXSourcesBuildPhase section */
		EDA835F71AD479500044C6DB /* Sources */ = {
			isa = PBXSourcesBuildPhase;
			buildActionMask = 2147483647;
			files = (
				EDA836041AD479500044C6DB /* AppDelegate.m in Sources */,
				EDA2A4B41AD5C260004D87DA /* AGTEverpobreBaseClass.m in Sources */,
				B8B5F5821AD5D41200266382 /* AGTCoreDataTableViewController.m in Sources */,
				B80B8BFA1AD70B6800C7923A /* AGTNotesViewController.m in Sources */,
				B8B5F5851AD5D51300266382 /* AGTNotebooksViewController.m in Sources */,
				B8B5F5891AD5DC1D00266382 /* UIViewController+Navigation.m in Sources */,
				EDA8364D1AD490F00044C6DB /* AGTNotebook.m in Sources */,
				EDA836491AD490F00044C6DB /* _AGTNote.m in Sources */,
				EDA836011AD479500044C6DB /* main.m in Sources */,
				EDA8364A1AD490F00044C6DB /* _AGTNotebook.m in Sources */,
				EDA8364E1AD490F00044C6DB /* AGTPhoto.m in Sources */,
				EDA8362A1AD4869C0044C6DB /* AGTCoreDataStack.m in Sources */,
				EDA836261AD47AA60044C6DB /* Model.xcdatamodeld in Sources */,
				EDA8364C1AD490F00044C6DB /* AGTNote.m in Sources */,
				EDA8364B1AD490F00044C6DB /* _AGTPhoto.m in Sources */,
			);
			runOnlyForDeploymentPostprocessing = 0;
		};
		EDA836101AD479500044C6DB /* Sources */ = {
			isa = PBXSourcesBuildPhase;
			buildActionMask = 2147483647;
			files = (
				EDA8361B1AD479500044C6DB /* EverpobreTests.m in Sources */,
			);
			runOnlyForDeploymentPostprocessing = 0;
		};
/* End PBXSourcesBuildPhase section */

/* Begin PBXTargetDependency section */
		EDA836161AD479500044C6DB /* PBXTargetDependency */ = {
			isa = PBXTargetDependency;
			target = EDA835FA1AD479500044C6DB /* Everpobre */;
			targetProxy = EDA836151AD479500044C6DB /* PBXContainerItemProxy */;
		};
/* End PBXTargetDependency section */

/* Begin PBXVariantGroup section */
		EDA8360D1AD479500044C6DB /* LaunchScreen.xib */ = {
			isa = PBXVariantGroup;
			children = (
				EDA8360E1AD479500044C6DB /* Base */,
			);
			name = LaunchScreen.xib;
			sourceTree = "<group>";
		};
/* End PBXVariantGroup section */

/* Begin XCBuildConfiguration section */
		EDA8361C1AD479500044C6DB /* Debug */ = {
			isa = XCBuildConfiguration;
			buildSettings = {
				ALWAYS_SEARCH_USER_PATHS = NO;
				CLANG_CXX_LANGUAGE_STANDARD = "gnu++0x";
				CLANG_CXX_LIBRARY = "libc++";
				CLANG_ENABLE_MODULES = YES;
				CLANG_ENABLE_OBJC_ARC = YES;
				CLANG_WARN_BOOL_CONVERSION = YES;
				CLANG_WARN_CONSTANT_CONVERSION = YES;
				CLANG_WARN_DIRECT_OBJC_ISA_USAGE = YES_ERROR;
				CLANG_WARN_EMPTY_BODY = YES;
				CLANG_WARN_ENUM_CONVERSION = YES;
				CLANG_WARN_INT_CONVERSION = YES;
				CLANG_WARN_OBJC_ROOT_CLASS = YES_ERROR;
				CLANG_WARN_UNREACHABLE_CODE = YES;
				CLANG_WARN__DUPLICATE_METHOD_MATCH = YES;
				"CODE_SIGN_IDENTITY[sdk=iphoneos*]" = "iPhone Developer";
				COPY_PHASE_STRIP = NO;
				DEBUG_INFORMATION_FORMAT = dwarf;
				ENABLE_STRICT_OBJC_MSGSEND = YES;
				GCC_C_LANGUAGE_STANDARD = gnu99;
				GCC_DYNAMIC_NO_PIC = NO;
				GCC_OPTIMIZATION_LEVEL = 0;
				GCC_PREPROCESSOR_DEFINITIONS = (
					"DEBUG=1",
					"$(inherited)",
				);
				GCC_SYMBOLS_PRIVATE_EXTERN = NO;
				GCC_WARN_64_TO_32_BIT_CONVERSION = YES;
				GCC_WARN_ABOUT_RETURN_TYPE = YES_ERROR;
				GCC_WARN_UNDECLARED_SELECTOR = YES;
				GCC_WARN_UNINITIALIZED_AUTOS = YES_AGGRESSIVE;
				GCC_WARN_UNUSED_FUNCTION = YES;
				GCC_WARN_UNUSED_VARIABLE = YES;
				IPHONEOS_DEPLOYMENT_TARGET = 8.3;
				MTL_ENABLE_DEBUG_INFO = YES;
				ONLY_ACTIVE_ARCH = YES;
				SDKROOT = iphoneos;
			};
			name = Debug;
		};
		EDA8361D1AD479500044C6DB /* Release */ = {
			isa = XCBuildConfiguration;
			buildSettings = {
				ALWAYS_SEARCH_USER_PATHS = NO;
				CLANG_CXX_LANGUAGE_STANDARD = "gnu++0x";
				CLANG_CXX_LIBRARY = "libc++";
				CLANG_ENABLE_MODULES = YES;
				CLANG_ENABLE_OBJC_ARC = YES;
				CLANG_WARN_BOOL_CONVERSION = YES;
				CLANG_WARN_CONSTANT_CONVERSION = YES;
				CLANG_WARN_DIRECT_OBJC_ISA_USAGE = YES_ERROR;
				CLANG_WARN_EMPTY_BODY = YES;
				CLANG_WARN_ENUM_CONVERSION = YES;
				CLANG_WARN_INT_CONVERSION = YES;
				CLANG_WARN_OBJC_ROOT_CLASS = YES_ERROR;
				CLANG_WARN_UNREACHABLE_CODE = YES;
				CLANG_WARN__DUPLICATE_METHOD_MATCH = YES;
				"CODE_SIGN_IDENTITY[sdk=iphoneos*]" = "iPhone Developer";
				COPY_PHASE_STRIP = NO;
				DEBUG_INFORMATION_FORMAT = "dwarf-with-dsym";
				ENABLE_NS_ASSERTIONS = NO;
				ENABLE_STRICT_OBJC_MSGSEND = YES;
				GCC_C_LANGUAGE_STANDARD = gnu99;
				GCC_WARN_64_TO_32_BIT_CONVERSION = YES;
				GCC_WARN_ABOUT_RETURN_TYPE = YES_ERROR;
				GCC_WARN_UNDECLARED_SELECTOR = YES;
				GCC_WARN_UNINITIALIZED_AUTOS = YES_AGGRESSIVE;
				GCC_WARN_UNUSED_FUNCTION = YES;
				GCC_WARN_UNUSED_VARIABLE = YES;
				IPHONEOS_DEPLOYMENT_TARGET = 8.3;
				MTL_ENABLE_DEBUG_INFO = NO;
				SDKROOT = iphoneos;
				VALIDATE_PRODUCT = YES;
			};
			name = Release;
		};
		EDA8361F1AD479500044C6DB /* Debug */ = {
			isa = XCBuildConfiguration;
			buildSettings = {
				ASSETCATALOG_COMPILER_APPICON_NAME = AppIcon;
				CODE_SIGN_IDENTITY = "iPhone Developer";
				INFOPLIST_FILE = Everpobre/Info.plist;
				IPHONEOS_DEPLOYMENT_TARGET = 8.0;
				LD_RUNPATH_SEARCH_PATHS = "$(inherited) @executable_path/Frameworks";
				PRODUCT_NAME = "$(TARGET_NAME)";
			};
			name = Debug;
		};
		EDA836201AD479500044C6DB /* Release */ = {
			isa = XCBuildConfiguration;
			buildSettings = {
				ASSETCATALOG_COMPILER_APPICON_NAME = AppIcon;
				CODE_SIGN_IDENTITY = "iPhone Developer";
				INFOPLIST_FILE = Everpobre/Info.plist;
				IPHONEOS_DEPLOYMENT_TARGET = 8.0;
				LD_RUNPATH_SEARCH_PATHS = "$(inherited) @executable_path/Frameworks";
				PRODUCT_NAME = "$(TARGET_NAME)";
			};
			name = Release;
		};
		EDA836221AD479500044C6DB /* Debug */ = {
			isa = XCBuildConfiguration;
			buildSettings = {
				BUNDLE_LOADER = "$(TEST_HOST)";
				FRAMEWORK_SEARCH_PATHS = (
					"$(SDKROOT)/Developer/Library/Frameworks",
					"$(inherited)",
				);
				GCC_PREPROCESSOR_DEFINITIONS = (
					"DEBUG=1",
					"$(inherited)",
				);
				INFOPLIST_FILE = EverpobreTests/Info.plist;
				LD_RUNPATH_SEARCH_PATHS = "$(inherited) @executable_path/Frameworks @loader_path/Frameworks";
				PRODUCT_NAME = "$(TARGET_NAME)";
				TEST_HOST = "$(BUILT_PRODUCTS_DIR)/Everpobre.app/Everpobre";
			};
			name = Debug;
		};
		EDA836231AD479500044C6DB /* Release */ = {
			isa = XCBuildConfiguration;
			buildSettings = {
				BUNDLE_LOADER = "$(TEST_HOST)";
				FRAMEWORK_SEARCH_PATHS = (
					"$(SDKROOT)/Developer/Library/Frameworks",
					"$(inherited)",
				);
				INFOPLIST_FILE = EverpobreTests/Info.plist;
				LD_RUNPATH_SEARCH_PATHS = "$(inherited) @executable_path/Frameworks @loader_path/Frameworks";
				PRODUCT_NAME = "$(TARGET_NAME)";
				TEST_HOST = "$(BUILT_PRODUCTS_DIR)/Everpobre.app/Everpobre";
			};
			name = Release;
		};
/* End XCBuildConfiguration section */

/* Begin XCConfigurationList section */
		EDA835F61AD479500044C6DB /* Build configuration list for PBXProject "Everpobre" */ = {
			isa = XCConfigurationList;
			buildConfigurations = (
				EDA8361C1AD479500044C6DB /* Debug */,
				EDA8361D1AD479500044C6DB /* Release */,
			);
			defaultConfigurationIsVisible = 0;
			defaultConfigurationName = Release;
		};
		EDA8361E1AD479500044C6DB /* Build configuration list for PBXNativeTarget "Everpobre" */ = {
			isa = XCConfigurationList;
			buildConfigurations = (
				EDA8361F1AD479500044C6DB /* Debug */,
				EDA836201AD479500044C6DB /* Release */,
			);
			defaultConfigurationIsVisible = 0;
			defaultConfigurationName = Release;
		};
		EDA836211AD479500044C6DB /* Build configuration list for PBXNativeTarget "EverpobreTests" */ = {
			isa = XCConfigurationList;
			buildConfigurations = (
				EDA836221AD479500044C6DB /* Debug */,
				EDA836231AD479500044C6DB /* Release */,
			);
			defaultConfigurationIsVisible = 0;
			defaultConfigurationName = Release;
		};
/* End XCConfigurationList section */

/* Begin XCVersionGroup section */
		EDA836241AD47AA60044C6DB /* Model.xcdatamodeld */ = {
			isa = XCVersionGroup;
			children = (
				EDA836251AD47AA60044C6DB /* Model.xcdatamodel */,
			);
			currentVersion = EDA836251AD47AA60044C6DB /* Model.xcdatamodel */;
			name = Model.xcdatamodeld;
			path = Everpobre/Model.xcdatamodeld;
			sourceTree = "<group>";
			versionGroupType = wrapper.xcdatamodel;
		};
/* End XCVersionGroup section */
	};
	rootObject = EDA835F31AD479500044C6DB /* Project object */;
}
